
Microsoft Visual Studio Solution File, Format Version 12.00
# Visual Studio Version 17
VisualStudioVersion = 17.4.33103.184
MinimumVisualStudioVersion = 10.0.40219.1
Project("{FAE04EC0-301F-11D3-BF4B-00C04F79EFBC}") = "tabuada", "tabuada\tabuada.csproj", "{689AB361-0590-40AA-B90A-73815A44BE6E}"
EndProject
Global
	GlobalSection(SolutionConfigurationPlatforms) = preSolution
		Debug|Any CPU = Debug|Any CPU
		Release|Any CPU = Release|Any CPU
	EndGlobalSection
	GlobalSection(ProjectConfigurationPlatforms) = postSolution
		{689AB361-0590-40AA-B90A-73815A44BE6E}.Debug|Any CPU.ActiveCfg = Debug|Any CPU
		{689AB361-0590-40AA-B90A-73815A44BE6E}.Debug|Any CPU.Build.0 = Debug|Any CPU
		{689AB361-0590-40AA-B90A-73815A44BE6E}.Release|Any CPU.ActiveCfg = Release|Any CPU
		{689AB361-0590-40AA-B90A-73815A44BE6E}.Release|Any CPU.Build.0 = Release|Any CPU
	EndGlobalSection
	GlobalSection(SolutionProperties) = preSolution
		HideSolutionNode = FALSE
	EndGlobalSection
	GlobalSection(ExtensibilityGlobals) = postSolution
		SolutionGuid = {85901C77-83FE-40C3-829F-7E301C27A878}
	EndGlobalSection
EndGlobal
